
Microsoft Visual Studio Solution File, Format Version 12.00
# Visual Studio Version 17
VisualStudioVersion = 17.14.36327.8 d17.14
MinimumVisualStudioVersion = 10.0.40219.1
Project("{FAE04EC0-301F-11D3-BF4B-00C04F79EFBC}") = "OrasProject.OrasDesktop", "OrasProject.OrasDesktop\OrasProject.OrasDesktop.csproj", "{ACFAD634-3578-58F6-C067-9480247A14CE}"
EndProject
Project("{FAE04EC0-301F-11D3-BF4B-00C04F79EFBC}") = "OrasProject.OrasDesktop.Desktop", "OrasProject.OrasDesktop.Desktop\OrasProject.OrasDesktop.Desktop.csproj", "{5A8ED157-FC16-15E2-FC07-CADF4CAD278B}"
EndProject
Global
	GlobalSection(SolutionConfigurationPlatforms) = preSolution
		Debug|Any CPU = Debug|Any CPU
		Release|Any CPU = Release|Any CPU
	EndGlobalSection
	GlobalSection(ProjectConfigurationPlatforms) = postSolution
		{ACFAD634-3578-58F6-C067-9480247A14CE}.Debug|Any CPU.ActiveCfg = Debug|Any CPU
		{ACFAD634-3578-58F6-C067-9480247A14CE}.Debug|Any CPU.Build.0 = Debug|Any CPU
		{ACFAD634-3578-58F6-C067-9480247A14CE}.Release|Any CPU.ActiveCfg = Release|Any CPU
		{ACFAD634-3578-58F6-C067-9480247A14CE}.Release|Any CPU.Build.0 = Release|Any CPU
		{5A8ED157-FC16-15E2-FC07-CADF4CAD278B}.Debug|Any CPU.ActiveCfg = Debug|Any CPU
		{5A8ED157-FC16-15E2-FC07-CADF4CAD278B}.Debug|Any CPU.Build.0 = Debug|Any CPU
		{5A8ED157-FC16-15E2-FC07-CADF4CAD278B}.Release|Any CPU.ActiveCfg = Release|Any CPU
		{5A8ED157-FC16-15E2-FC07-CADF4CAD278B}.Release|Any CPU.Build.0 = Release|Any CPU
	EndGlobalSection
	GlobalSection(SolutionProperties) = preSolution
		HideSolutionNode = FALSE
	EndGlobalSection
	GlobalSection(ExtensibilityGlobals) = postSolution
		SolutionGuid = {127B14B9-173E-485A-B4A0-3FFB5D756321}
	EndGlobalSection
EndGlobal
